version: 7
platforms:
- name: linux-64
  virtual-packages:
  - __unix=0=0
  - __linux=4.18
  - __glibc=2.28
  - __archspec=0=x86_64
environments:
  default:
    channels:
    - url: https://conda.anaconda.org/conda-forge/
    indexes:
    - https://pypi.org/simple
    packages:
      linux-64:
      - conda: https://conda.anaconda.org/conda-forge/linux-64/_openmp_mutex-4.5-20_gnu.conda
      - conda: https://conda.anaconda.org/conda-forge/linux-64/bzip2-1.0.8-hda65f42_9.conda
      - conda: https://conda.anaconda.org/conda-forge/linux-64/icu-78.3-h54a6638_2.conda
      - conda: https://conda.anaconda.org/conda-forge/linux-64/ld_impl_linux-64-2.46.1-default_hbd61a6d_102.conda
      - conda: https://conda.anaconda.org/conda-forge/linux-64/libexpat-2.8.1-hecca717_1.conda
      - conda: https://conda.anaconda.org/conda-forge/linux-64/libffi-3.5.2-h3435931_0.conda
      - conda: https://conda.anaconda.org/conda-forge/linux-64/libgcc-16.1.0-ha9f2e26_1.conda
      - conda: https://conda.anaconda.org/conda-forge/linux-64/libgomp-16.1.0-he0feb66_1.conda
      - conda: https://conda.anaconda.org/conda-forge/linux-64/liblzma-5.8.3-hb03c661_0.conda
      - conda: https://conda.anaconda.org/conda-forge/linux-64/libmpdec-4.0.0-hb03c661_1.conda
      - conda: https://conda.anaconda.org/conda-forge/linux-64/libsqlite-3.53.4-hf4e2dac_0.conda
      - conda: https://conda.anaconda.org/conda-forge/linux-64/libstdcxx-16.1.0-h934c35e_1.conda
      - conda: https://conda.anaconda.org/conda-forge/linux-64/libuuid-2.42.2-h5347b49_0.conda
      - conda: https://conda.anaconda.org/conda-forge/linux-64/libzlib-1.3.2-h25fd6f3_3.conda
      - conda: https://conda.anaconda.org/conda-forge/linux-64/ncurses-6.6-hdb14827_0.conda
      - conda: https://conda.anaconda.org/conda-forge/linux-64/openssl-3.6.3-h35e630c_0.conda
      - conda: https://conda.anaconda.org/conda-forge/linux-64/python-3.14.6-habeac84_101_cp314.conda
      - conda: https://conda.anaconda.org/conda-forge/linux-64/readline-8.3-h853b02a_0.conda
      - conda: https://conda.anaconda.org/conda-forge/linux-64/ruff-0.16.1-h462bb3b_0.conda
      - conda: https://conda.anaconda.org/conda-forge/linux-64/tk-8.6.13-noxft_hd70dff1_3.conda
      - conda: https://conda.anaconda.org/conda-forge/linux-64/zstd-1.5.7-hb78ec9c_6.conda
      - conda: https://conda.anaconda.org/conda-forge/linux-64/zuban-0.9.1-hb17b654_0.conda
      - conda: https://conda.anaconda.org/conda-forge/noarch/ca-certificates-2026.7.22-hbd8a1cb_0.conda
      - conda: https://conda.anaconda.org/conda-forge/noarch/python_abi-3.14-8_cp314.conda
      - conda: https://conda.anaconda.org/conda-forge/noarch/tzdata-2026c-h151e31d_0.conda
      - pypi: https://files.pythonhosted.org/packages/0c/c3/44f3fbbfa403ea2a7c779186dc20772604442dde72947e7d01069cbe98e3/pycparser-3.0-py3-none-any.whl
      - pypi: https://files.pythonhosted.org/packages/20/8b/28c4eaec9d6b036a52cb44720408f26b1a143ca9bce76cc19e8f5de00ab4/pdfminer_six-20260107-py3-none-any.whl
      - pypi: https://files.pythonhosted.org/packages/6b/72/a1116d683a6d7ece94590013882515de087edf9ef0e6292aae615a44df73/cryptography-50.0.0-cp311-abi3-manylinux_2_28_x86_64.whl
      - pypi: https://files.pythonhosted.org/packages/7f/5e/8d76c43f0a427aee4fb66de11c46529538cac72724058bd6428d18bbc316/pagelabels-1.2.1-py3-none-any.whl
      - pypi: https://files.pythonhosted.org/packages/ba/8e/098c69c1d7dd3df5ad9175937fbcca5d52ef916b2229ae6fe29394d7d216/pdfannots-0.5-py3-none-any.whl
      - pypi: https://files.pythonhosted.org/packages/c0/84/af442c4458756bb0c0d2424102d1200616f3ff9b82c48aaa130e08549bf6/pdfrw-0.4-py2.py3-none-any.whl
      - pypi: https://files.pythonhosted.org/packages/c2/08/189b27e51fddc9d6b3695331da0e31792c1d88b953ad854e57f06e9b2cc8/charset_normalizer-3.5.0-cp314-cp314-manylinux2014_x86_64.manylinux_2_17_x86_64.manylinux_2_28_x86_64.whl
      - pypi: https://files.pythonhosted.org/packages/d0/f9/5ab411dbcfc118934feb19d2a80dba79277d4be2ebf89554e97918c2a826/zuban-0.9.1-py3-none-manylinux_2_17_x86_64.manylinux2014_x86_64.whl
      - pypi: https://files.pythonhosted.org/packages/e9/02/4e7d553a7ac4b4238b38b3c1b80d486e9d4436f8d2acbf87a0997fe3f402/cffi-2.1.1-cp314-cp314-manylinux2014_x86_64.manylinux_2_17_x86_64.whl
packages:
- conda: https://conda.anaconda.org/conda-forge/linux-64/_openmp_mutex-4.5-20_gnu.conda
  build_number: 20
  sha256: 1dd3fffd892081df9726d7eb7e0dea6198962ba775bd88842135a4ddb4deb3c9
  md5: a9f577daf3de00bca7c3c76c0ecbd1de
  depends:
  - __glibc >=2.17,<3.0.a0
  - libgomp >=7.5.0
  constrains:
  - openmp_impl <0.0a0
  license: BSD-3-Clause
  license_family: BSD
  purls: []
  run_exports:
    strong:
    - _openmp_mutex >=4.5
  size: 28948
  timestamp: 1770939786096
- conda: https://conda.anaconda.org/conda-forge/linux-64/bzip2-1.0.8-hda65f42_9.conda
  sha256: 0b75d45f0bba3e95dc693336fa51f40ea28c980131fec438afb7ce6118ed05f6
  md5: d2ffd7602c02f2b316fd921d39876885
  depends:
  - __glibc >=2.17,<3.0.a0
  - libgcc >=14
  license: bzip2-1.0.6
  license_family: BSD
  purls: []
  run_exports:
    weak:
    - bzip2 >=1.0.8,<2.0a0
  size: 260182
  timestamp: 1771350215188
- conda: https://conda.anaconda.org/conda-forge/linux-64/icu-78.3-h54a6638_2.conda
  sha256: d7c260b7e1cf22ce04d6ba8a86eabf4e6c50bc96a5c27fe2ecb32298af3e88eb
  md5: 4ef4b977bb216a3001a3334696a80850
  depends:
  - libstdcxx >=14
  - libgcc >=14
  - __glibc >=2.17,<3.0.a0
  license: MIT
  license_family: MIT
  purls: []
  run_exports:
    weak:
    - icu >=78.3,<79.0a0
  size: 14455340
  timestamp: 1784916378180
- conda: https://conda.anaconda.org/conda-forge/linux-64/ld_impl_linux-64-2.46.1-default_hbd61a6d_102.conda
  sha256: 27d83f1188cd19bcb7754a078b3fa7f4cfb8527f8eb2fde54dd01fc529d1adec
  md5: 449500f2c089da11c40f5c21312e3e07
  depends:
  - __glibc >=2.17,<3.0.a0
  - zstd >=1.5.7,<1.6.0a0
  constrains:
  - binutils_impl_linux-64 2.46.1
  license: GPL-3.0-only
  license_family: GPL
  purls: []
  run_exports: {}
  size: 745303
  timestamp: 1784214507189
- conda: https://conda.anaconda.org/conda-forge/linux-64/libexpat-2.8.1-hecca717_1.conda
  sha256: 16feffd9ddbbe5b718515d38ee376c685ba95491cd901244e24671d20b952a77
  md5: b24d3c612f71e7aa74158d92106318b2
  depends:
  - __glibc >=2.17,<3.0.a0
  - libgcc >=14
  constrains:
  - expat 2.8.1.*
  license: MIT
  license_family: MIT
  purls: []
  run_exports: {}
  size: 77856
  timestamp: 1781203599810
- conda: https://conda.anaconda.org/conda-forge/linux-64/libffi-3.5.2-h3435931_0.conda
  sha256: 31f19b6a88ce40ebc0d5a992c131f57d919f73c0b92cd1617a5bec83f6e961e6
  md5: a360c33a5abe61c07959e449fa1453eb
  depends:
  - __glibc >=2.17,<3.0.a0
  - libgcc >=14
  license: MIT
  license_family: MIT
  purls: []
  run_exports:
    weak:
    - libffi >=3.5.2,<3.6.0a0
  size: 58592
  timestamp: 1769456073053
- conda: https://conda.anaconda.org/conda-forge/linux-64/libgcc-16.1.0-ha9f2e26_1.conda
  sha256: d5cb8475131c31680f8fd30512c418f373064e272e452063276a8fb14c9fa42f
  md5: 5a7d954665c707c93311657cd779c705
  depends:
  - __glibc >=2.17,<3.0.a0
  - _openmp_mutex >=4.5
  constrains:
  - libgomp 16.1.0 he0feb66_1
  - libgcc-ng ==16.1.0=*_1
  license: GPL-3.0-only WITH GCC-exception-3.1
  purls: []
  run_exports: {}
  size: 1057877
  timestamp: 1785375436766
- conda: https://conda.anaconda.org/conda-forge/linux-64/libgomp-16.1.0-he0feb66_1.conda
  sha256: 62cb599ad0539d99386515326d9d5e8f51f75a60c69c2131b21df76edf35bd89
  md5: 88f2d91cb1533194c323534253094d23
  depends:
  - __glibc >=2.17,<3.0.a0
  license: GPL-3.0-only WITH GCC-exception-3.1
  purls: []
  run_exports:
    strong:
    - _openmp_mutex >=4.5
  size: 640415
  timestamp: 1785375373755
- conda: https://conda.anaconda.org/conda-forge/linux-64/liblzma-5.8.3-hb03c661_0.conda
  sha256: ec30e52a3c1bf7d0425380a189d209a52baa03f22fb66dd3eb587acaa765bd6d
  md5: b88d90cad08e6bc8ad540cb310a761fb
  depends:
  - __glibc >=2.17,<3.0.a0
  - libgcc >=14
  constrains:
  - xz 5.8.3.*
  license: 0BSD
  purls: []
  run_exports:
    weak:
    - liblzma >=5.8.3,<6.0a0
  size: 113478
  timestamp: 1775825492909
- conda: https://conda.anaconda.org/conda-forge/linux-64/libmpdec-4.0.0-hb03c661_1.conda
  sha256: fe171ed5cf5959993d43ff72de7596e8ac2853e9021dec0344e583734f1e0843
  md5: 2c21e66f50753a083cbe6b80f38268fa
  depends:
  - __glibc >=2.17,<3.0.a0
  - libgcc >=14
  license: BSD-2-Clause
  license_family: BSD
  purls: []
  run_exports: {}
  size: 92400
  timestamp: 1769482286018
- conda: https://conda.anaconda.org/conda-forge/linux-64/libsqlite-3.53.4-hf4e2dac_0.conda
  sha256: 72023efc207fe681e26b65fc9d668062cf0b4f0eacf3431e6eb099b95c1f2efd
  md5: df088a279cd5e6fd2790b4c196434da1
  depends:
  - __glibc >=2.17,<3.0.a0
  - icu >=78.3,<79.0a0
  - libgcc >=14
  - libzlib >=1.3.2,<2.0a0
  license: blessing
  purls: []
  run_exports:
    weak:
    - libsqlite >=3.53.4,<4.0a0
  size: 964200
  timestamp: 1785016112246
- conda: https://conda.anaconda.org/conda-forge/linux-64/libstdcxx-16.1.0-h934c35e_1.conda
  sha256: 79721dd08aeb0ab9e773f1f9ef41cf4e6c17477e3d72319147619045bce05a09
  md5: aed6cf89adc1e9b846e4367ac538e434
  depends:
  - __glibc >=2.17,<3.0.a0
  - libgcc 16.1.0 ha9f2e26_1
  constrains:
  - libstdcxx-ng ==16.1.0=*_1
  license: GPL-3.0-only WITH GCC-exception-3.1
  purls: []
  run_exports: {}
  size: 6631744
  timestamp: 1785375462643
- conda: https://conda.anaconda.org/conda-forge/linux-64/libuuid-2.42.2-h5347b49_0.conda
  sha256: 9b1bdce27a7e31f7d241aeecff67a1f3101d52a2b1e33ccc2cdf2613072bf81f
  md5: 01bb81d12c957de066ea7362007df642
  depends:
  - libgcc >=14
  - __glibc >=2.17,<3.0.a0
  license: BSD-3-Clause
  license_family: BSD
  purls: []
  run_exports:
    weak:
    - libuuid >=2.42.2,<3.0a0
  size: 40017
  timestamp: 1781625522462
- conda: https://conda.anaconda.org/conda-forge/linux-64/libzlib-1.3.2-h25fd6f3_3.conda
  sha256: eb8a0db0aa570124f7d2a93d7c7f596e3390df5e047818d873baad32985fc736
  md5: 0de0122d9570a8ab637c6b73db268389
  depends:
  - __glibc >=2.17,<3.0.a0
  constrains:
  - zlib 1.3.2 *_3
  license: Zlib
  license_family: Other
  purls: []
  run_exports:
    weak:
    - libzlib >=1.3.2,<2.0a0
  size: 63713
  timestamp: 1785362952714
- conda: https://conda.anaconda.org/conda-forge/linux-64/ncurses-6.6-hdb14827_0.conda
  sha256: fc89f74bbe362fb29fa3c037697a89bec140b346a2469a90f7936d1d7ea4d8a3
  md5: fc21868a1a5aacc937e7a18747acb8a5
  depends:
  - __glibc >=2.17,<3.0.a0
  - libgcc >=14
  license: X11 AND BSD-3-Clause
  purls: []
  run_exports:
    weak:
    - ncurses >=6.6,<7.0a0
  size: 918956
  timestamp: 1777422145199
- conda: https://conda.anaconda.org/conda-forge/linux-64/openssl-3.6.3-h35e630c_0.conda
  sha256: d48f5c22b9897c01e4dff3680f1f57ceb02711ab9c62f74339b080419dfad34b
  md5: 79dd2074b5cd5c5c6b2930514a11e22d
  depends:
  - __glibc >=2.17,<3.0.a0
  - ca-certificates
  - libgcc >=14
  license: Apache-2.0
  license_family: Apache
  purls: []
  run_exports:
    weak:
    - openssl >=3.6.3,<4.0a0
  size: 3159683
  timestamp: 1781069855778
- conda: https://conda.anaconda.org/conda-forge/linux-64/python-3.14.6-habeac84_101_cp314.conda
  build_number: 101
  sha256: ee8f2006e1724b1f2e9e0ccc5a7cfdcab973460faa2f63ac1f6e44fdad4c0344
  md5: 78975a41cf3c525da654f17e35bfca9e
  depends:
  - __glibc >=2.17,<3.0.a0
  - bzip2 >=1.0.8,<2.0a0
  - ld_impl_linux-64 >=2.36.1
  - libexpat >=2.8.1,<3.0a0
  - libffi >=3.5.2,<3.6.0a0
  - libgcc >=14
  - liblzma >=5.8.3,<6.0a0
  - libmpdec >=4.0.0,<5.0a0
  - libsqlite >=3.53.3,<4.0a0
  - libuuid >=2.42.2,<3.0a0
  - libzlib >=1.3.2,<2.0a0
  - ncurses >=6.6,<7.0a0
  - openssl >=3.5.7,<4.0a0
  - python_abi 3.14.* *_cp314
  - readline >=8.3,<9.0a0
  - tk >=8.6.13,<8.7.0a0
  - tzdata
  - zstd >=1.5.7,<1.6.0a0
  license: Python-2.0
  purls: []
  run_exports:
    weak:
    - python_abi 3.14.* *_cp314
    noarch:
    - python
  size: 36869055
  timestamp: 1784910110714
  python_site_packages_path: lib/python3.14/site-packages
- conda: https://conda.anaconda.org/conda-forge/linux-64/readline-8.3-h853b02a_0.conda
  sha256: 12ffde5a6f958e285aa22c191ca01bbd3d6e710aa852e00618fa6ddc59149002
  md5: d7d95fc8287ea7bf33e0e7116d2b95ec
  depends:
  - __glibc >=2.17,<3.0.a0
  - libgcc >=14
  - ncurses >=6.5,<7.0a0
  license: GPL-3.0-only
  license_family: GPL
  purls: []
  run_exports:
    weak:
    - readline >=8.3,<9.0a0
  size: 345073
  timestamp: 1765813471974
- conda: https://conda.anaconda.org/conda-forge/linux-64/ruff-0.16.1-h462bb3b_0.conda
  noarch: python
  sha256: 7dc0b128718ada4a3b8254a59ff37decabc1c68fc8d4a44bb478064f1eb1568b
  md5: c2ef67e77b435ed8fef8a84f7f680a3d
  depends:
  - python
  - __glibc >=2.17,<3.0.a0
  - libgcc >=14
  constrains:
  - __glibc >=2.17
  license: MIT
  purls:
  - pkg:pypi/ruff?source=compressed-mapping
  run_exports: {}
  size: 9449104
  timestamp: 1785485613405
- conda: https://conda.anaconda.org/conda-forge/linux-64/tk-8.6.13-noxft_hd70dff1_3.conda
  build_number: 103
  sha256: 43624eab22f5f29df7d6ffe914cf442f28fd559b55b290906255492826e636e8
  md5: 48a1049e710857572fc2a832aa394d9f
  depends:
  - __glibc >=2.17,<3.0.a0
  - libgcc >=14
  - libzlib >=1.3.2,<2.0a0
  constrains:
  - xorg-libx11 >=1.8.13,<2.0a0
  license: TCL
  purls: []
  run_exports:
    weak:
    - tk >=8.6.13,<8.7.0a0
  size: 3550916
  timestamp: 1784229071544
- conda: https://conda.anaconda.org/conda-forge/linux-64/zstd-1.5.7-hb78ec9c_6.conda
  sha256: 68f0206ca6e98fea941e5717cec780ed2873ffabc0e1ed34428c061e2c6268c7
  md5: 4a13eeac0b5c8e5b8ab496e6c4ddd829
  depends:
  - __glibc >=2.17,<3.0.a0
  - libzlib >=1.3.1,<2.0a0
  license: BSD-3-Clause
  license_family: BSD
  purls: []
  run_exports:
    weak:
    - zstd >=1.5.7,<1.6.0a0
  size: 601375
  timestamp: 1764777111296
- conda: https://conda.anaconda.org/conda-forge/linux-64/zuban-0.9.1-hb17b654_0.conda
  sha256: 83adab3961df25c48969cc207712b68f66b046ee64a213adcf303ecdb8532c76
  md5: 133ac5d0dc3a7891496a6d293ceb3c14
  depends:
  - __glibc >=2.17,<3.0.a0
  - libgcc >=14
  constrains:
  - __glibc >=2.17
  license: AGPL-3.0-only
  purls: []
  run_exports: {}
  size: 4772932
  timestamp: 1785568003329
- conda: https://conda.anaconda.org/conda-forge/noarch/ca-certificates-2026.7.22-hbd8a1cb_0.conda
  sha256: 0a0544cf95f64394fe4959286f5c71f5444ad58feb0602e53becb27448d24da6
  md5: 0f51e2391ade309db462a55611263e9c
  depends:
  - __unix
  license: ISC
  purls: []
  run_exports: {}
  size: 131780
  timestamp: 1784754889428
- conda: https://conda.anaconda.org/conda-forge/noarch/python_abi-3.14-8_cp314.conda
  build_number: 8
  sha256: ad6d2e9ac39751cc0529dd1566a26751a0bf2542adb0c232533d32e176e21db5
  md5: 0539938c55b6b1a59b560e843ad864a4
  constrains:
  - python 3.14.* *_cp314
  license: BSD-3-Clause
  license_family: BSD
  purls: []
  run_exports: {}
  size: 6989
  timestamp: 1752805904792
- conda: https://conda.anaconda.org/conda-forge/noarch/tzdata-2026c-h151e31d_0.conda
  sha256: b928c30ddcb0e3f544c6eade8352737e6e610e263276b90232db6a578ef899d8
  md5: fcb489df604d100968b737f2cb6076c6
  license: LicenseRef-Public-Domain
  purls: []
  run_exports: {}
  size: 118849
  timestamp: 1784250406640
- pypi: https://files.pythonhosted.org/packages/0c/c3/44f3fbbfa403ea2a7c779186dc20772604442dde72947e7d01069cbe98e3/pycparser-3.0-py3-none-any.whl
  name: pycparser
  version: '3.0'
  sha256: b727414169a36b7d524c1c3e31839a521725078d7b2ff038656844266160a992
  requires_python: '>=3.10'
- pypi: https://files.pythonhosted.org/packages/20/8b/28c4eaec9d6b036a52cb44720408f26b1a143ca9bce76cc19e8f5de00ab4/pdfminer_six-20260107-py3-none-any.whl
  name: pdfminer-six
  version: '20260107'
  sha256: 366585ba97e80dffa8f00cebe303d2f381884d8637af4ce422f1df3ef38111a9
  requires_dist:
  - charset-normalizer>=2.0.0
  - cryptography>=36.0.0
  - pillow ; extra == 'image'
  requires_python: '>=3.10'
- pypi: https://files.pythonhosted.org/packages/6b/72/a1116d683a6d7ece94590013882515de087edf9ef0e6292aae615a44df73/cryptography-50.0.0-cp311-abi3-manylinux_2_28_x86_64.whl
  name: cryptography
  version: 50.0.0
  sha256: b42a28c1844fd9de8f3f7d540e36b66f3a9c83fceac7170ebc7a6a19edd9dcae
  requires_dist:
  - cffi>=2.0.0 ; platform_python_implementation != 'PyPy'
  - typing-extensions>=4.13.2 ; python_full_version < '3.11'
  - bcrypt>=3.1.5 ; extra == 'ssh'
  requires_python: '!=3.9.0,>=3.9,!=3.9.1'
- pypi: https://files.pythonhosted.org/packages/7f/5e/8d76c43f0a427aee4fb66de11c46529538cac72724058bd6428d18bbc316/pagelabels-1.2.1-py3-none-any.whl
  name: pagelabels
  version: 1.2.1
  sha256: 522401e42c5cd4bec29e2a75a859015053b0691be60d9f97be4faa7ffb4970e4
  requires_dist:
  - pdfrw
- pypi: https://files.pythonhosted.org/packages/ba/8e/098c69c1d7dd3df5ad9175937fbcca5d52ef916b2229ae6fe29394d7d216/pdfannots-0.5-py3-none-any.whl
  name: pdfannots
  version: '0.5'
  sha256: 195aa95c702eb18511741733a862d8c4fa1f136677c3e95aa7c021679ba588bd
  requires_dist:
  - pdfminer-six>=20220319,!=20240706
  requires_python: '>=3.8'
- pypi: https://files.pythonhosted.org/packages/c0/84/af442c4458756bb0c0d2424102d1200616f3ff9b82c48aaa130e08549bf6/pdfrw-0.4-py2.py3-none-any.whl
  name: pdfrw
  version: '0.4'
  sha256: 758289edaa3b672e9a1a67504be73c18ec668d4e5b9d5ac9cbc0dc753d8d196b
- pypi: https://files.pythonhosted.org/packages/c2/08/189b27e51fddc9d6b3695331da0e31792c1d88b953ad854e57f06e9b2cc8/charset_normalizer-3.5.0-cp314-cp314-manylinux2014_x86_64.manylinux_2_17_x86_64.manylinux_2_28_x86_64.whl
  name: charset-normalizer
  version: 3.5.0
  sha256: 82cc5835997ec78afe293a192e385099355770a7db94b2fb1239d36b32796f1c
  requires_python: '>=3.7'
- pypi: https://files.pythonhosted.org/packages/d0/f9/5ab411dbcfc118934feb19d2a80dba79277d4be2ebf89554e97918c2a826/zuban-0.9.1-py3-none-manylinux_2_17_x86_64.manylinux2014_x86_64.whl
  name: zuban
  version: 0.9.1
  sha256: eabf684202197630b4ba23eb236e037ed2627bbb4acdb34db8c7288e9668ad5d
  requires_python: '>=3.7'
- pypi: https://files.pythonhosted.org/packages/e9/02/4e7d553a7ac4b4238b38b3c1b80d486e9d4436f8d2acbf87a0997fe3f402/cffi-2.1.1-cp314-cp314-manylinux2014_x86_64.manylinux_2_17_x86_64.whl
  name: cffi
  version: 2.1.1
  sha256: b0431303acaea1089ad4b3e9ce4e6518193def1118d4073ca848635ee4ea2e96
  requires_dist:
  - pycparser ; implementation_name != 'PyPy'
  requires_python: '>=3.10'
